
Microsoft Visual Studio Solution File, Format Version 12.00
# Visual Studio Version 17
VisualStudioVersion = 17.11.35312.102
MinimumVisualStudioVersion = 10.0.40219.1
Project("{FAE04EC0-301F-11D3-BF4B-00C04F79EFBC}") = "TiendaBackend", "TiendaBackend\TiendaBackend.csproj", "{7422D803-086E-420D-8152-3F0C2B88A126}"
EndProject
Global
	GlobalSection(SolutionConfigurationPlatforms) = preSolution
		Debug|Any CPU = Debug|Any CPU
		Release|Any CPU = Release|Any CPU
	EndGlobalSection
	GlobalSection(ProjectConfigurationPlatforms) = postSolution
		{7422D803-086E-420D-8152-3F0C2B88A126}.Debug|Any CPU.ActiveCfg = Debug|Any CPU
		{7422D803-086E-420D-8152-3F0C2B88A126}.Debug|Any CPU.Build.0 = Debug|Any CPU
		{7422D803-086E-420D-8152-3F0C2B88A126}.Release|Any CPU.ActiveCfg = Release|Any CPU
		{7422D803-086E-420D-8152-3F0C2B88A126}.Release|Any CPU.Build.0 = Release|Any CPU
	EndGlobalSection
	GlobalSection(SolutionProperties) = preSolution
		HideSolutionNode = FALSE
	EndGlobalSection
	GlobalSection(ExtensibilityGlobals) = postSolution
		SolutionGuid = {C4042A0F-9A46-45AA-AEC8-C0B8BACE20B9}
	EndGlobalSection
EndGlobal
